// !$*UTF8*$!
{
	archiveVersion = 1;
	classes = {
	};
	objectVersion = 77;
	objects = {

/* Begin PBXBuildFile section */
		2774B2BD2EB1EBC100275BA5 /* RELEASE.md in Resources */ = {isa = PBXBuildFile; fileRef = 2774B2BC2EB1EBC100275BA5 /* RELEASE.md */; };
		2774B2C32EB1ECAA00275BA5 /* notary-setup.sh in Resources */ = {isa = PBXBuildFile; fileRef = 2774B2C02EB1ECAA00275BA5 /* notary-setup.sh */; };
		2774B2C42EB1ECAA00275BA5 /* release.sh in Resources */ = {isa = PBXBuildFile; fileRef = 2774B2C12EB1ECAA00275BA5 /* release.sh */; };
/* End PBXBuildFile section */

/* Begin PBXContainerItemProxy section */
		273D165E2E5A4FAE00B469A9 /* PBXContainerItemProxy */ = {
			isa = PBXContainerItemProxy;
			containerPortal = 273D16472E5A4FAC00B469A9 /* Project object */;
			proxyType = 1;
			remoteGlobalIDString = 273D164E2E5A4FAC00B469A9;
			remoteInfo = "mac-util";
		};
		273D16682E5A4FAE00B469A9 /* PBXContainerItemProxy */ = {
			isa = PBXContainerItemProxy;
			containerPortal = 273D16472E5A4FAC00B469A9 /* Project object */;
			proxyType = 1;
			remoteGlobalIDString = 273D164E2E5A4FAC00B469A9;
			remoteInfo = "mac-util";
		};
/* End PBXContainerItemProxy section */

/* Begin PBXCopyFilesBuildPhase section */
		274912A22E5E582A00CA8D06 /* CopyFiles */ = {
			isa = PBXCopyFilesBuildPhase;
			buildActionMask = 2147483647;
			dstPath = "";
			dstSubfolderSpec = 6;
			files = (
			);
			runOnlyForDeploymentPostprocessing = 0;
		};
/* End PBXCopyFilesBuildPhase section */

/* Begin PBXFileReference section */
		273D164F2E5A4FAC00B469A9 /* mac-util.app */ = {isa = PBXFileReference; explicitFileType = wrapper.application; includeInIndex = 0; path = "mac-util.app"; sourceTree = BUILT_PRODUCTS_DIR; };
		273D165D2E5A4FAE00B469A9 /* mac-utilTests.xctest */ = {isa = PBXFileReference; explicitFileType = wrapper.cfbundle; includeInIndex = 0; path = "mac-utilTests.xctest"; sourceTree = BUILT_PRODUCTS_DIR; };
		273D16672E5A4FAE00B469A9 /* mac-utilUITests.xctest */ = {isa = PBXFileReference; explicitFileType = wrapper.cfbundle; includeInIndex = 0; path = "mac-utilUITests.xctest"; sourceTree = BUILT_PRODUCTS_DIR; };
		2774B2BC2EB1EBC100275BA5 /* RELEASE.md */ = {isa = PBXFileReference; lastKnownFileType = net.daringfireball.markdown; path = RELEASE.md; sourceTree = "<group>"; };
		2774B2C02EB1ECAA00275BA5 /* notary-setup.sh */ = {isa = PBXFileReference; lastKnownFileType = text.script.sh; path = "notary-setup.sh"; sourceTree = "<group>"; };
		2774B2C12EB1ECAA00275BA5 /* release.sh */ = {isa = PBXFileReference; lastKnownFileType = text.script.sh; path = release.sh; sourceTree = "<group>"; };
/* End PBXFileReference section */

/* Begin PBXFileSystemSynchronizedGroupBuildPhaseMembershipExceptionSet section */
		274912A52E5E589E00CA8D06 /* Exceptions for "mac-util" folder in "Copy Files" phase from "mac-util" target */ = {
			isa = PBXFileSystemSynchronizedGroupBuildPhaseMembershipExceptionSet;
			attributesByRelativePath = {
				displayplacer = (CodeSignOnCopy, );
			};
			buildPhase = 274912A22E5E582A00CA8D06 /* CopyFiles */;
			membershipExceptions = (
				displayplacer,
			);
		};
/* End PBXFileSystemSynchronizedGroupBuildPhaseMembershipExceptionSet section */

/* Begin PBXFileSystemSynchronizedRootGroup section */
		273D16512E5A4FAC00B469A9 /* mac-util */ = {
			isa = PBXFileSystemSynchronizedRootGroup;
			exceptions = (
				274912A52E5E589E00CA8D06 /* Exceptions for "mac-util" folder in "Copy Files" phase from "mac-util" target */,
			);
			path = "mac-util";
			sourceTree = "<group>";
		};
		273D16602E5A4FAE00B469A9 /* mac-utilTests */ = {
			isa = PBXFileSystemSynchronizedRootGroup;
			path = "mac-utilTests";
			sourceTree = "<group>";
		};
		273D166A2E5A4FAE00B469A9 /* mac-utilUITests */ = {
			isa = PBXFileSystemSynchronizedRootGroup;
			path = "mac-utilUITests";
			sourceTree = "<group>";
		};
/* End PBXFileSystemSynchronizedRootGroup section */

/* Begin PBXFrameworksBuildPhase section */
		273D164C2E5A4FAC00B469A9 /* Frameworks */ = {
			isa = PBXFrameworksBuildPhase;
			buildActionMask = 2147483647;
			files = (
			);
			runOnlyForDeploymentPostprocessing = 0;
		};
		273D165A2E5A4FAE00B469A9 /* Frameworks */ = {
			isa = PBXFrameworksBuildPhase;
			buildActionMask = 2147483647;
			files = (
			);
			runOnlyForDeploymentPostprocessing = 0;
		};
		273D16642E5A4FAE00B469A9 /* Frameworks */ = {
			isa = PBXFrameworksBuildPhase;
			buildActionMask = 2147483647;
			files = (
			);
			runOnlyForDeploymentPostprocessing = 0;
		};
/* End PBXFrameworksBuildPhase section */

/* Begin PBXGroup section */
		273D16462E5A4FAC00B469A9 = {
			isa = PBXGroup;
			children = (
				2774B2C22EB1ECAA00275BA5 /* scripts */,
				2774B2BC2EB1EBC100275BA5 /* RELEASE.md */,
				273D16512E5A4FAC00B469A9 /* mac-util */,
				273D16602E5A4FAE00B469A9 /* mac-utilTests */,
				273D166A2E5A4FAE00B469A9 /* mac-utilUITests */,
				273D16502E5A4FAC00B469A9 /* Products */,
			);
			sourceTree = "<group>";
		};
		273D16502E5A4FAC00B469A9 /* Products */ = {
			isa = PBXGroup;
			children = (
				273D164F2E5A4FAC00B469A9 /* mac-util.app */,
				273D165D2E5A4FAE00B469A9 /* mac-utilTests.xctest */,
				273D16672E5A4FAE00B469A9 /* mac-utilUITests.xctest */,
			);
			name = Products;
			sourceTree = "<group>";
		};
		2774B2BE2EB1ECAA00275BA5 /* export */ = {
			isa = PBXGroup;
			children = (
			);
			path = export;
			sourceTree = "<group>";
		};
		2774B2BF2EB1ECAA00275BA5 /* build */ = {
			isa = PBXGroup;
			children = (
				2774B2BE2EB1ECAA00275BA5 /* export */,
			);
			path = build;
			sourceTree = "<group>";
		};
		2774B2C22EB1ECAA00275BA5 /* scripts */ = {
			isa = PBXGroup;
			children = (
				2774B2BF2EB1ECAA00275BA5 /* build */,
				2774B2C02EB1ECAA00275BA5 /* notary-setup.sh */,
				2774B2C12EB1ECAA00275BA5 /* release.sh */,
			);
			path = scripts;
			sourceTree = "<group>";
		};
/* End PBXGroup section */

/* Begin PBXNativeTarget section */
		273D164E2E5A4FAC00B469A9 /* mac-util */ = {
			isa = PBXNativeTarget;
			buildConfigurationList = 273D16712E5A4FAE00B469A9 /* Build configuration list for PBXNativeTarget "mac-util" */;
			buildPhases = (
				273D164B2E5A4FAC00B469A9 /* Sources */,
				273D164C2E5A4FAC00B469A9 /* Frameworks */,
				273D164D2E5A4FAC00B469A9 /* Resources */,
				274912A22E5E582A00CA8D06 /* CopyFiles */,
				27HRRESIGN /* Re-sign nested tools (Hardened Runtime) */,
			);
			buildRules = (
			);
			dependencies = (
			);
			fileSystemSynchronizedGroups = (
				273D16512E5A4FAC00B469A9 /* mac-util */,
			);
			name = "mac-util";
			packageProductDependencies = (
			);
			productName = "mac-util";
			productReference = 273D164F2E5A4FAC00B469A9 /* mac-util.app */;
			productType = "com.apple.product-type.application";
		};
		273D165C2E5A4FAE00B469A9 /* mac-utilTests */ = {
			isa = PBXNativeTarget;
			buildConfigurationList = 273D16742E5A4FAE00B469A9 /* Build configuration list for PBXNativeTarget "mac-utilTests" */;
			buildPhases = (
				273D16592E5A4FAE00B469A9 /* Sources */,
				273D165A2E5A4FAE00B469A9 /* Frameworks */,
				273D165B2E5A4FAE00B469A9 /* Resources */,
			);
			buildRules = (
			);
			dependencies = (
				273D165F2E5A4FAE00B469A9 /* PBXTargetDependency */,
			);
			fileSystemSynchronizedGroups = (
				273D16602E5A4FAE00B469A9 /* mac-utilTests */,
			);
			name = "mac-utilTests";
			packageProductDependencies = (
			);
			productName = "mac-utilTests";
			productReference = 273D165D2E5A4FAE00B469A9 /* mac-utilTests.xctest */;
			productType = "com.apple.product-type.bundle.unit-test";
		};
		273D16662E5A4FAE00B469A9 /* mac-utilUITests */ = {
			isa = PBXNativeTarget;
			buildConfigurationList = 273D16772E5A4FAE00B469A9 /* Build configuration list for PBXNativeTarget "mac-utilUITests" */;
			buildPhases = (
				273D16632E5A4FAE00B469A9 /* Sources */,
				273D16642E5A4FAE00B469A9 /* Frameworks */,
				273D16652E5A4FAE00B469A9 /* Resources */,
			);
			buildRules = (
			);
			dependencies = (
				273D16692E5A4FAE00B469A9 /* PBXTargetDependency */,
			);
			fileSystemSynchronizedGroups = (
				273D166A2E5A4FAE00B469A9 /* mac-utilUITests */,
			);
			name = "mac-utilUITests";
			packageProductDependencies = (
			);
			productName = "mac-utilUITests";
			productReference = 273D16672E5A4FAE00B469A9 /* mac-utilUITests.xctest */;
			productType = "com.apple.product-type.bundle.ui-testing";
		};
/* End PBXNativeTarget section */

/* Begin PBXProject section */
		273D16472E5A4FAC00B469A9 /* Project object */ = {
			isa = PBXProject;
			attributes = {
				BuildIndependentTargetsInParallel = 1;
				LastSwiftUpdateCheck = 1630;
				LastUpgradeCheck = 1630;
				TargetAttributes = {
					273D164E2E5A4FAC00B469A9 = {
						CreatedOnToolsVersion = 16.3;
					};
					273D165C2E5A4FAE00B469A9 = {
						CreatedOnToolsVersion = 16.3;
						TestTargetID = 273D164E2E5A4FAC00B469A9;
					};
					273D16662E5A4FAE00B469A9 = {
						CreatedOnToolsVersion = 16.3;
						TestTargetID = 273D164E2E5A4FAC00B469A9;
					};
				};
			};
			buildConfigurationList = 273D164A2E5A4FAC00B469A9 /* Build configuration list for PBXProject "mac-util" */;
			developmentRegion = en;
			hasScannedForEncodings = 0;
			knownRegions = (
				en,
				Base,
			);
			mainGroup = 273D16462E5A4FAC00B469A9;
			minimizedProjectReferenceProxies = 1;
			preferredProjectObjectVersion = 77;
			productRefGroup = 273D16502E5A4FAC00B469A9 /* Products */;
			projectDirPath = "";
			projectRoot = "";
			targets = (
				273D164E2E5A4FAC00B469A9 /* mac-util */,
				273D165C2E5A4FAE00B469A9 /* mac-utilTests */,
				273D16662E5A4FAE00B469A9 /* mac-utilUITests */,
			);
		};
/* End PBXProject section */

/* Begin PBXResourcesBuildPhase section */
		273D164D2E5A4FAC00B469A9 /* Resources */ = {
			isa = PBXResourcesBuildPhase;
			buildActionMask = 2147483647;
			files = (
				2774B2BD2EB1EBC100275BA5 /* RELEASE.md in Resources */,
				2774B2C32EB1ECAA00275BA5 /* notary-setup.sh in Resources */,
				2774B2C42EB1ECAA00275BA5 /* release.sh in Resources */,
			);
			runOnlyForDeploymentPostprocessing = 0;
		};
		273D165B2E5A4FAE00B469A9 /* Resources */ = {
			isa = PBXResourcesBuildPhase;
			buildActionMask = 2147483647;
			files = (
			);
			runOnlyForDeploymentPostprocessing = 0;
		};
		273D16652E5A4FAE00B469A9 /* Resources */ = {
			isa = PBXResourcesBuildPhase;
			buildActionMask = 2147483647;
			files = (
			);
			runOnlyForDeploymentPostprocessing = 0;
		};
/* End PBXResourcesBuildPhase section */

/* Begin PBXShellScriptBuildPhase section */
		27HRRESIGN /* Re-sign nested tools (Hardened Runtime) */ = {
			isa = PBXShellScriptBuildPhase;
			buildActionMask = 2147483647;
			files = (
			);
			inputFileListPaths = (
			);
			inputPaths = (
			);
			name = "Re-sign nested tools (Hardened Runtime)";
			outputFileListPaths = (
			);
			outputPaths = (
			);
			runOnlyForDeploymentPostprocessing = 0;
			shellPath = /bin/sh;
			shellScript = "set -euo pipefail\n\n# Only for Release builds and when code signing is allowed\nif [ \"${CONFIGURATION}\" != \"Release\" ] || [ \"${CODE_SIGNING_ALLOWED:-NO}\" != \"YES\" ]; then\n  exit 0\nfi\n\n# Use Xcode's signing folder path during Archive/Install if present\nAPP=\"${CODESIGNING_FOLDER_PATH:-$TARGET_BUILD_DIR/$WRAPPER_NAME}\"\nBIN=\"$APP/Contents/MacOS/displayplacer\"\n\n# Do NOT copy here; rely on Copy Files phase to embed the tool (CodeSignOnCopy).\n# Only re-sign the nested tool with Hardened Runtime if using a Developer ID identity.\nif [ -x \"$BIN\" ]; then\n  IDENTITY=\"${EXPANDED_CODE_SIGN_IDENTITY:-}\"\n  if [ -n \"$IDENTITY\" ] && echo \"$IDENTITY\" | grep -q \"Developer ID Application\"; then\n    echo \"Re-signing $BIN with hardened runtime using Developer ID...\"\n    /usr/bin/codesign --force --options runtime --timestamp --sign \"$IDENTITY\" \"$BIN\"\n    /usr/bin/codesign --verify --verbose=2 \"$BIN\" || true\n  else\n    echo \"Skipping nested tool re-sign: build identity is not Developer ID.\"\n  fi\nelse\n  echo \"$BIN not found or not executable; ensure Copy Files phase embeds displayplacer.\"\nfi\n";
		};
/* End PBXShellScriptBuildPhase section */

/* Begin PBXSourcesBuildPhase section */
		273D164B2E5A4FAC00B469A9 /* Sources */ = {
			isa = PBXSourcesBuildPhase;
			buildActionMask = 2147483647;
			files = (
			);
			runOnlyForDeploymentPostprocessing = 0;
		};
		273D16592E5A4FAE00B469A9 /* Sources */ = {
			isa = PBXSourcesBuildPhase;
			buildActionMask = 2147483647;
			files = (
			);
			runOnlyForDeploymentPostprocessing = 0;
		};
		273D16632E5A4FAE00B469A9 /* Sources */ = {
			isa = PBXSourcesBuildPhase;
			buildActionMask = 2147483647;
			files = (
			);
			runOnlyForDeploymentPostprocessing = 0;
		};
/* End PBXSourcesBuildPhase section */

/* Begin PBXTargetDependency section */
		273D165F2E5A4FAE00B469A9 /* PBXTargetDependency */ = {
			isa = PBXTargetDependency;
			target = 273D164E2E5A4FAC00B469A9 /* mac-util */;
			targetProxy = 273D165E2E5A4FAE00B469A9 /* PBXContainerItemProxy */;
		};
		273D16692E5A4FAE00B469A9 /* PBXTargetDependency */ = {
			isa = PBXTargetDependency;
			target = 273D164E2E5A4FAC00B469A9 /* mac-util */;
			targetProxy = 273D16682E5A4FAE00B469A9 /* PBXContainerItemProxy */;
		};
/* End PBXTargetDependency section */

/* Begin XCBuildConfiguration section */
		273D166F2E5A4FAE00B469A9 /* Debug */ = {
			isa = XCBuildConfiguration;
			buildSettings = {
				ALWAYS_SEARCH_USER_PATHS = NO;
				ASSETCATALOG_COMPILER_GENERATE_SWIFT_ASSET_SYMBOL_EXTENSIONS = YES;
				CLANG_ANALYZER_NONNULL = YES;
				CLANG_ANALYZER_NUMBER_OBJECT_CONVERSION = YES_AGGRESSIVE;
				CLANG_CXX_LANGUAGE_STANDARD = "gnu++20";
				CLANG_ENABLE_MODULES = YES;
				CLANG_ENABLE_OBJC_ARC = YES;
				CLANG_ENABLE_OBJC_WEAK = YES;
				CLANG_WARN_BLOCK_CAPTURE_AUTORELEASING = YES;
				CLANG_WARN_BOOL_CONVERSION = YES;
				CLANG_WARN_COMMA = YES;
				CLANG_WARN_CONSTANT_CONVERSION = YES;
				CLANG_WARN_DEPRECATED_OBJC_IMPLEMENTATIONS = YES;
				CLANG_WARN_DIRECT_OBJC_ISA_USAGE = YES_ERROR;
				CLANG_WARN_DOCUMENTATION_COMMENTS = YES;
				CLANG_WARN_EMPTY_BODY = YES;
				CLANG_WARN_ENUM_CONVERSION = YES;
				CLANG_WARN_INFINITE_RECURSION = YES;
				CLANG_WARN_INT_CONVERSION = YES;
				CLANG_WARN_NON_LITERAL_NULL_CONVERSION = YES;
				CLANG_WARN_OBJC_IMPLICIT_RETAIN_SELF = YES;
				CLANG_WARN_OBJC_LITERAL_CONVERSION = YES;
				CLANG_WARN_OBJC_ROOT_CLASS = YES_ERROR;
				CLANG_WARN_QUOTED_INCLUDE_IN_FRAMEWORK_HEADER = YES;
				CLANG_WARN_RANGE_LOOP_ANALYSIS = YES;
				CLANG_WARN_STRICT_PROTOTYPES = YES;
				CLANG_WARN_SUSPICIOUS_MOVE = YES;
				CLANG_WARN_UNGUARDED_AVAILABILITY = YES_AGGRESSIVE;
				CLANG_WARN_UNREACHABLE_CODE = YES;
				CLANG_WARN__DUPLICATE_METHOD_MATCH = YES;
				COPY_PHASE_STRIP = NO;
				DEBUG_INFORMATION_FORMAT = dwarf;
				ENABLE_STRICT_OBJC_MSGSEND = YES;
				ENABLE_TESTABILITY = YES;
				ENABLE_USER_SCRIPT_SANDBOXING = YES;
				GCC_C_LANGUAGE_STANDARD = gnu17;
				GCC_DYNAMIC_NO_PIC = NO;
				GCC_NO_COMMON_BLOCKS = YES;
				GCC_OPTIMIZATION_LEVEL = 0;
				GCC_PREPROCESSOR_DEFINITIONS = (
					"DEBUG=1",
					"$(inherited)",
				);
				GCC_WARN_64_TO_32_BIT_CONVERSION = YES;
				GCC_WARN_ABOUT_RETURN_TYPE = YES_ERROR;
				GCC_WARN_UNDECLARED_SELECTOR = YES;
				GCC_WARN_UNINITIALIZED_AUTOS = YES_AGGRESSIVE;
				GCC_WARN_UNUSED_FUNCTION = YES;
				GCC_WARN_UNUSED_VARIABLE = YES;
				LOCALIZATION_PREFERS_STRING_CATALOGS = YES;
				MACOSX_DEPLOYMENT_TARGET = 15.4;
				MTL_ENABLE_DEBUG_INFO = INCLUDE_SOURCE;
				MTL_FAST_MATH = YES;
				ONLY_ACTIVE_ARCH = YES;
				SDKROOT = macosx;
				SWIFT_ACTIVE_COMPILATION_CONDITIONS = "DEBUG $(inherited)";
				SWIFT_OPTIMIZATION_LEVEL = "-Onone";
			};
			name = Debug;
		};
		273D16702E5A4FAE00B469A9 /* Release */ = {
			isa = XCBuildConfiguration;
			buildSettings = {
				ALWAYS_SEARCH_USER_PATHS = NO;
				ASSETCATALOG_COMPILER_GENERATE_SWIFT_ASSET_SYMBOL_EXTENSIONS = YES;
				CLANG_ANALYZER_NONNULL = YES;
				CLANG_ANALYZER_NUMBER_OBJECT_CONVERSION = YES_AGGRESSIVE;
				CLANG_CXX_LANGUAGE_STANDARD = "gnu++20";
				CLANG_ENABLE_MODULES = YES;
				CLANG_ENABLE_OBJC_ARC = YES;
				CLANG_ENABLE_OBJC_WEAK = YES;
				CLANG_WARN_BLOCK_CAPTURE_AUTORELEASING = YES;
				CLANG_WARN_BOOL_CONVERSION = YES;
				CLANG_WARN_COMMA = YES;
				CLANG_WARN_CONSTANT_CONVERSION = YES;
				CLANG_WARN_DEPRECATED_OBJC_IMPLEMENTATIONS = YES;
				CLANG_WARN_DIRECT_OBJC_ISA_USAGE = YES_ERROR;
				CLANG_WARN_DOCUMENTATION_COMMENTS = YES;
				CLANG_WARN_EMPTY_BODY = YES;
				CLANG_WARN_ENUM_CONVERSION = YES;
				CLANG_WARN_INFINITE_RECURSION = YES;
				CLANG_WARN_INT_CONVERSION = YES;
				CLANG_WARN_NON_LITERAL_NULL_CONVERSION = YES;
				CLANG_WARN_OBJC_IMPLICIT_RETAIN_SELF = YES;
				CLANG_WARN_OBJC_LITERAL_CONVERSION = YES;
				CLANG_WARN_OBJC_ROOT_CLASS = YES_ERROR;
				CLANG_WARN_QUOTED_INCLUDE_IN_FRAMEWORK_HEADER = YES;
				CLANG_WARN_RANGE_LOOP_ANALYSIS = YES;
				CLANG_WARN_STRICT_PROTOTYPES = YES;
				CLANG_WARN_SUSPICIOUS_MOVE = YES;
				CLANG_WARN_UNGUARDED_AVAILABILITY = YES_AGGRESSIVE;
				CLANG_WARN_UNREACHABLE_CODE = YES;
				CLANG_WARN__DUPLICATE_METHOD_MATCH = YES;
				COPY_PHASE_STRIP = NO;
				DEBUG_INFORMATION_FORMAT = "dwarf-with-dsym";
				ENABLE_NS_ASSERTIONS = NO;
				ENABLE_STRICT_OBJC_MSGSEND = YES;
				ENABLE_USER_SCRIPT_SANDBOXING = YES;
				GCC_C_LANGUAGE_STANDARD = gnu17;
				GCC_NO_COMMON_BLOCKS = YES;
				GCC_WARN_64_TO_32_BIT_CONVERSION = YES;
				GCC_WARN_ABOUT_RETURN_TYPE = YES_ERROR;
				GCC_WARN_UNDECLARED_SELECTOR = YES;
				GCC_WARN_UNINITIALIZED_AUTOS = YES_AGGRESSIVE;
				GCC_WARN_UNUSED_FUNCTION = YES;
				GCC_WARN_UNUSED_VARIABLE = YES;
				LOCALIZATION_PREFERS_STRING_CATALOGS = YES;
				MACOSX_DEPLOYMENT_TARGET = 15.4;
				MTL_ENABLE_DEBUG_INFO = NO;
				MTL_FAST_MATH = YES;
				SDKROOT = macosx;
				SWIFT_COMPILATION_MODE = wholemodule;
			};
			name = Release;
		};
		273D16722E5A4FAE00B469A9 /* Debug */ = {
			isa = XCBuildConfiguration;
			buildSettings = {
				ASSETCATALOG_COMPILER_APPICON_NAME = AppIcon;
				ASSETCATALOG_COMPILER_GLOBAL_ACCENT_COLOR_NAME = AccentColor;
				CODE_SIGN_ALLOW_ENTITLEMENTS_MODIFICATION = YES;
				CODE_SIGN_ENTITLEMENTS = "mac-util/mac_util.entitlements";
				CODE_SIGN_IDENTITY = "Apple Development";
				CODE_SIGN_STYLE = Automatic;
				COMBINE_HIDPI_IMAGES = YES;
				CURRENT_PROJECT_VERSION = 1;
				DEVELOPMENT_TEAM = 8CQNFLS235;
				ENABLE_PREVIEWS = YES;
				ENABLE_USER_SCRIPT_SANDBOXING = NO;
				GENERATE_INFOPLIST_FILE = NO;
				INFOPLIST_FILE = "mac-util/Info.plist";
				INFOPLIST_KEY_CFBundleDisplayName = "dc-util";
				LD_RUNPATH_SEARCH_PATHS = (
					"$(inherited)",
					"@executable_path/../Frameworks",
				);
				MACOSX_DEPLOYMENT_TARGET = 14.6;
				MARKETING_VERSION = 1.0;
				PRODUCT_BUNDLE_IDENTIFIER = "com.dilly.mac-util";
				PRODUCT_NAME = "$(TARGET_NAME)";
				PROVISIONING_PROFILE_SPECIFIER = "";
				REGISTER_APP_GROUPS = YES;
				SWIFT_EMIT_LOC_STRINGS = YES;
				SWIFT_VERSION = 5.0;
			};
			name = Debug;
		};
		273D16732E5A4FAE00B469A9 /* Release */ = {
			isa = XCBuildConfiguration;
			buildSettings = {
				ASSETCATALOG_COMPILER_APPICON_NAME = AppIcon;
				ASSETCATALOG_COMPILER_GLOBAL_ACCENT_COLOR_NAME = AccentColor;
				CODE_SIGN_ALLOW_ENTITLEMENTS_MODIFICATION = YES;
				CODE_SIGN_ENTITLEMENTS = "mac-util/mac_util.entitlements";
				CODE_SIGN_IDENTITY = "Apple Development";
				"CODE_SIGN_IDENTITY[sdk=macosx*]" = "Apple Development";
				CODE_SIGN_STYLE = Automatic;
				COMBINE_HIDPI_IMAGES = YES;
				CURRENT_PROJECT_VERSION = 1;
				DEVELOPMENT_TEAM = 8CQNFLS235;
				ENABLE_HARDENED_RUNTIME = YES;
				GENERATE_INFOPLIST_FILE = NO;
				INFOPLIST_FILE = "mac-util/Info.plist";
				INFOPLIST_KEY_CFBundleDisplayName = "dc-util";
				LD_RUNPATH_SEARCH_PATHS = (
					"$(inherited)",
					"@executable_path/../Frameworks",
				);
				MACOSX_DEPLOYMENT_TARGET = 14.6;
				MARKETING_VERSION = 1.0;
				OTHER_CODE_SIGN_FLAGS = "--options runtime";
				PRODUCT_BUNDLE_IDENTIFIER = "com.dilly.mac-util";
				PRODUCT_NAME = "$(TARGET_NAME)";
				PROVISIONING_PROFILE_SPECIFIER = "";
				REGISTER_APP_GROUPS = YES;
				SWIFT_EMIT_LOC_STRINGS = YES;
				SWIFT_VERSION = 5.0;
			};
			name = Release;
		};
		273D16752E5A4FAE00B469A9 /* Debug */ = {
			isa = XCBuildConfiguration;
			buildSettings = {
				BUNDLE_LOADER = "$(TEST_HOST)";
				CODE_SIGN_STYLE = Automatic;
				CURRENT_PROJECT_VERSION = 1;
				GENERATE_INFOPLIST_FILE = YES;
				MACOSX_DEPLOYMENT_TARGET = 15.4;
				MARKETING_VERSION = 1.0;
				PRODUCT_BUNDLE_IDENTIFIER = "dilly.mac-utilTests";
				PRODUCT_NAME = "$(TARGET_NAME)";
				SWIFT_EMIT_LOC_STRINGS = NO;
				SWIFT_VERSION = 5.0;
				TEST_HOST = "$(BUILT_PRODUCTS_DIR)/mac-util.app/$(BUNDLE_EXECUTABLE_FOLDER_PATH)/mac-util";
			};
			name = Debug;
		};
		273D16762E5A4FAE00B469A9 /* Release */ = {
			isa = XCBuildConfiguration;
			buildSettings = {
				BUNDLE_LOADER = "$(TEST_HOST)";
				CODE_SIGN_STYLE = Automatic;
				CURRENT_PROJECT_VERSION = 1;
				GENERATE_INFOPLIST_FILE = YES;
				MACOSX_DEPLOYMENT_TARGET = 15.4;
				MARKETING_VERSION = 1.0;
				PRODUCT_BUNDLE_IDENTIFIER = "dilly.mac-utilTests";
				PRODUCT_NAME = "$(TARGET_NAME)";
				SWIFT_EMIT_LOC_STRINGS = NO;
				SWIFT_VERSION = 5.0;
				TEST_HOST = "$(BUILT_PRODUCTS_DIR)/mac-util.app/$(BUNDLE_EXECUTABLE_FOLDER_PATH)/mac-util";
			};
			name = Release;
		};
		273D16782E5A4FAE00B469A9 /* Debug */ = {
			isa = XCBuildConfiguration;
			buildSettings = {
				CODE_SIGN_STYLE = Automatic;
				CURRENT_PROJECT_VERSION = 1;
				GENERATE_INFOPLIST_FILE = YES;
				MARKETING_VERSION = 1.0;
				PRODUCT_BUNDLE_IDENTIFIER = "dilly.mac-utilUITests";
				PRODUCT_NAME = "$(TARGET_NAME)";
				SWIFT_EMIT_LOC_STRINGS = NO;
				SWIFT_VERSION = 5.0;
				TEST_TARGET_NAME = "mac-util";
			};
			name = Debug;
		};
		273D16792E5A4FAE00B469A9 /* Release */ = {
			isa = XCBuildConfiguration;
			buildSettings = {
				CODE_SIGN_STYLE = Automatic;
				CURRENT_PROJECT_VERSION = 1;
				GENERATE_INFOPLIST_FILE = YES;
				MARKETING_VERSION = 1.0;
				PRODUCT_BUNDLE_IDENTIFIER = "dilly.mac-utilUITests";
				PRODUCT_NAME = "$(TARGET_NAME)";
				SWIFT_EMIT_LOC_STRINGS = NO;
				SWIFT_VERSION = 5.0;
				TEST_TARGET_NAME = "mac-util";
			};
			name = Release;
		};
/* End XCBuildConfiguration section */

/* Begin XCConfigurationList section */
		273D164A2E5A4FAC00B469A9 /* Build configuration list for PBXProject "mac-util" */ = {
			isa = XCConfigurationList;
			buildConfigurations = (
				273D166F2E5A4FAE00B469A9 /* Debug */,
				273D16702E5A4FAE00B469A9 /* Release */,
			);
			defaultConfigurationIsVisible = 0;
			defaultConfigurationName = Release;
		};
		273D16712E5A4FAE00B469A9 /* Build configuration list for PBXNativeTarget "mac-util" */ = {
			isa = XCConfigurationList;
			buildConfigurations = (
				273D16722E5A4FAE00B469A9 /* Debug */,
				273D16732E5A4FAE00B469A9 /* Release */,
			);
			defaultConfigurationIsVisible = 0;
			defaultConfigurationName = Release;
		};
		273D16742E5A4FAE00B469A9 /* Build configuration list for PBXNativeTarget "mac-utilTests" */ = {
			isa = XCConfigurationList;
			buildConfigurations = (
				273D16752E5A4FAE00B469A9 /* Debug */,
				273D16762E5A4FAE00B469A9 /* Release */,
			);
			defaultConfigurationIsVisible = 0;
			defaultConfigurationName = Release;
		};
		273D16772E5A4FAE00B469A9 /* Build configuration list for PBXNativeTarget "mac-utilUITests" */ = {
			isa = XCConfigurationList;
			buildConfigurations = (
				273D16782E5A4FAE00B469A9 /* Debug */,
				273D16792E5A4FAE00B469A9 /* Release */,
			);
			defaultConfigurationIsVisible = 0;
			defaultConfigurationName = Release;
		};
/* End XCConfigurationList section */
	};
	rootObject = 273D16472E5A4FAC00B469A9 /* Project object */;
}
